
Microsoft Visual Studio Solution File, Format Version 12.00
# Visual Studio Version 17
VisualStudioVersion = 17.0.32014.148
MinimumVisualStudioVersion = 10.0.40219.1
Project("{FAE04EC0-301F-11D3-BF4B-00C04F79EFBC}") = "MyTaskManagement.Api", "MyTaskManagement.Api\MyTaskManagement.Api.csproj", "{8C68DC8A-D31B-4CE3-B206-B9C135F138A3}"
EndProject
Project("{FAE04EC0-301F-11D3-BF4B-00C04F79EFBC}") = "MyTaskManagement.DataAccess", "MyTaskManagement.DataAccess\MyTaskManagement.DataAccess.csproj", "{109DBDC9-5CAA-4688-A7B8-D97E19C4EA57}"
EndProject
Project("{FAE04EC0-301F-11D3-BF4B-00C04F79EFBC}") = "MyTaskManagement.Core", "MyTaskManagement.Core\MyTaskManagement.Core.csproj", "{062D0C89-4FBF-40AA-9303-579AE05A2258}"
EndProject
Project("{00D1A9C2-B5F0-4AF3-8072-F6C62B433612}") = "MyTaskManagement.MsSqlDatabase", "MyTaskManagement.MsSqlDatabase\MyTaskManagement.MsSqlDatabase.sqlproj", "{101626D9-CA51-4287-A38C-91203050B536}"
EndProject
Project("{FAE04EC0-301F-11D3-BF4B-00C04F79EFBC}") = "MyTaskManagement.UI.BlazorWA", "MyTaskManagement.UI.BlazorWA\MyTaskManagement.UI.BlazorWA.csproj", "{30213345-C599-466A-948D-B467E60CFA5D}"
EndProject
Global
	GlobalSection(SolutionConfigurationPlatforms) = preSolution
		Debug|Any CPU = Debug|Any CPU
		Release|Any CPU = Release|Any CPU
	EndGlobalSection
	GlobalSection(ProjectConfigurationPlatforms) = postSolution
		{8C68DC8A-D31B-4CE3-B206-B9C135F138A3}.Debug|Any CPU.ActiveCfg = Debug|Any CPU
		{8C68DC8A-D31B-4CE3-B206-B9C135F138A3}.Debug|Any CPU.Build.0 = Debug|Any CPU
		{8C68DC8A-D31B-4CE3-B206-B9C135F138A3}.Release|Any CPU.ActiveCfg = Release|Any CPU
		{8C68DC8A-D31B-4CE3-B206-B9C135F138A3}.Release|Any CPU.Build.0 = Release|Any CPU
		{109DBDC9-5CAA-4688-A7B8-D97E19C4EA57}.Debug|Any CPU.ActiveCfg = Debug|Any CPU
		{109DBDC9-5CAA-4688-A7B8-D97E19C4EA57}.Debug|Any CPU.Build.0 = Debug|Any CPU
		{109DBDC9-5CAA-4688-A7B8-D97E19C4EA57}.Release|Any CPU.ActiveCfg = Release|Any CPU
		{109DBDC9-5CAA-4688-A7B8-D97E19C4EA57}.Release|Any CPU.Build.0 = Release|Any CPU
		{062D0C89-4FBF-40AA-9303-579AE05A2258}.Debug|Any CPU.ActiveCfg = Debug|Any CPU
		{062D0C89-4FBF-40AA-9303-579AE05A2258}.Debug|Any CPU.Build.0 = Debug|Any CPU
		{062D0C89-4FBF-40AA-9303-579AE05A2258}.Release|Any CPU.ActiveCfg = Release|Any CPU
		{062D0C89-4FBF-40AA-9303-579AE05A2258}.Release|Any CPU.Build.0 = Release|Any CPU
		{101626D9-CA51-4287-A38C-91203050B536}.Debug|Any CPU.ActiveCfg = Debug|Any CPU
		{101626D9-CA51-4287-A38C-91203050B536}.Debug|Any CPU.Build.0 = Debug|Any CPU
		{101626D9-CA51-4287-A38C-91203050B536}.Debug|Any CPU.Deploy.0 = Debug|Any CPU
		{101626D9-CA51-4287-A38C-91203050B536}.Release|Any CPU.ActiveCfg = Release|Any CPU
		{101626D9-CA51-4287-A38C-91203050B536}.Release|Any CPU.Build.0 = Release|Any CPU
		{101626D9-CA51-4287-A38C-91203050B536}.Release|Any CPU.Deploy.0 = Release|Any CPU
		{30213345-C599-466A-948D-B467E60CFA5D}.Debug|Any CPU.ActiveCfg = Debug|Any CPU
		{30213345-C599-466A-948D-B467E60CFA5D}.Debug|Any CPU.Build.0 = Debug|Any CPU
		{30213345-C599-466A-948D-B467E60CFA5D}.Release|Any CPU.ActiveCfg = Release|Any CPU
		{30213345-C599-466A-948D-B467E60CFA5D}.Release|Any CPU.Build.0 = Release|Any CPU
	EndGlobalSection
	GlobalSection(SolutionProperties) = preSolution
		HideSolutionNode = FALSE
	EndGlobalSection
	GlobalSection(ExtensibilityGlobals) = postSolution
		SolutionGuid = {C797CF6A-A01A-40A6-9231-5959679830C1}
	EndGlobalSection
EndGlobal
